{
    "_meta": {
        "hash": {
            "sha256": "d7619f49a227f086a872002fb7debd27e6481a5382133edaf1e3d6357195ca0e"
        },
        "host-environment-markers": {
            "implementation_name": "cpython",
            "implementation_version": "3.6.3",
            "os_name": "posix",
            "platform_machine": "x86_64",
            "platform_python_implementation": "CPython",
            "platform_release": "4.14.13-300.fc27.x86_64",
            "platform_system": "Linux",
            "platform_version": "#1 SMP Thu Jan 11 04:00:01 UTC 2018",
            "python_full_version": "3.6.3",
            "python_version": "3.6",
            "sys_platform": "linux"
        },
        "pipfile-spec": 6,
        "requires": {
            "python_version": "3.6"
        },
        "sources": [
            {
                "name": "pypi",
                "url": "https://pypi.python.org/simple",
                "verify_ssl": true
            }
        ]
    },
    "default": {
        "pygithub": {
            "hashes": [],
            "version": "==1.35"
        },
        "pyjwt": {
            "hashes": [],
            "version": "==1.5.3"
        },
        "readchar": {
            "hashes": [],
            "version": "==0.7"
        }
    },
    "develop": {}
}
